{
  "requires": true,
  "lockfileVersion": 1,
  "dependencies": {
    "react-flip-move": {
      "version": "3.0.3",
      "resolved": "https://registry.npmjs.org/react-flip-move/-/react-flip-move-3.0.3.tgz",
      "integrity": "sha512-gR2jvjUgIXI7ceFWJkr8owX4vKhV0IJoXIf/Dt7gESFe5OKiSz2H6d10mKTW8fN134NDI16J4HgEgq9pKqJd5A=="
    }
  }
}
